
Microsoft Visual Studio Solution File, Format Version 12.00
# Visual Studio Version 16
VisualStudioVersion = 16.0.30309.148
MinimumVisualStudioVersion = 10.0.40219.1
Project("{FAE04EC0-301F-11D3-BF4B-00C04F79EFBC}") = "TwentyOne", "TwentyOne\TwentyOne.csproj", "{BA83102C-4E45-4817-B95F-849C781389CD}"
EndProject
Project("{FAE04EC0-301F-11D3-BF4B-00C04F79EFBC}") = "Casino", "Casino\Casino.csproj", "{0934762C-04D3-4086-8BB2-A25722791965}"
EndProject
Global
	GlobalSection(SolutionConfigurationPlatforms) = preSolution
		Debug|Any CPU = Debug|Any CPU
		Release|Any CPU = Release|Any CPU
	EndGlobalSection
	GlobalSection(ProjectConfigurationPlatforms) = postSolution
		{BA83102C-4E45-4817-B95F-849C781389CD}.Debug|Any CPU.ActiveCfg = Debug|Any CPU
		{BA83102C-4E45-4817-B95F-849C781389CD}.Debug|Any CPU.Build.0 = Debug|Any CPU
		{BA83102C-4E45-4817-B95F-849C781389CD}.Release|Any CPU.ActiveCfg = Release|Any CPU
		{BA83102C-4E45-4817-B95F-849C781389CD}.Release|Any CPU.Build.0 = Release|Any CPU
		{0934762C-04D3-4086-8BB2-A25722791965}.Debug|Any CPU.ActiveCfg = Debug|Any CPU
		{0934762C-04D3-4086-8BB2-A25722791965}.Debug|Any CPU.Build.0 = Debug|Any CPU
		{0934762C-04D3-4086-8BB2-A25722791965}.Release|Any CPU.ActiveCfg = Release|Any CPU
		{0934762C-04D3-4086-8BB2-A25722791965}.Release|Any CPU.Build.0 = Release|Any CPU
	EndGlobalSection
	GlobalSection(SolutionProperties) = preSolution
		HideSolutionNode = FALSE
	EndGlobalSection
	GlobalSection(ExtensibilityGlobals) = postSolution
		SolutionGuid = {C665D247-FD16-4756-8FB4-477340907BAF}
	EndGlobalSection
EndGlobal
