
Microsoft Visual Studio Solution File, Format Version 12.00
# Visual Studio Version 16
VisualStudioVersion = 16.0.30320.27
MinimumVisualStudioVersion = 10.0.40219.1
Project("{FAE04EC0-301F-11D3-BF4B-00C04F79EFBC}") = "Enums", "Enums\Enums.csproj", "{C8E6CA3D-E357-4BBE-9754-82BD96FC288C}"
EndProject
Global
	GlobalSection(SolutionConfigurationPlatforms) = preSolution
		Debug|Any CPU = Debug|Any CPU
		Release|Any CPU = Release|Any CPU
	EndGlobalSection
	GlobalSection(ProjectConfigurationPlatforms) = postSolution
		{C8E6CA3D-E357-4BBE-9754-82BD96FC288C}.Debug|Any CPU.ActiveCfg = Debug|Any CPU
		{C8E6CA3D-E357-4BBE-9754-82BD96FC288C}.Debug|Any CPU.Build.0 = Debug|Any CPU
		{C8E6CA3D-E357-4BBE-9754-82BD96FC288C}.Release|Any CPU.ActiveCfg = Release|Any CPU
		{C8E6CA3D-E357-4BBE-9754-82BD96FC288C}.Release|Any CPU.Build.0 = Release|Any CPU
	EndGlobalSection
	GlobalSection(SolutionProperties) = preSolution
		HideSolutionNode = FALSE
	EndGlobalSection
	GlobalSection(ExtensibilityGlobals) = postSolution
		SolutionGuid = {22B930E9-4502-49AB-9125-82D96B65CFDD}
	EndGlobalSection
EndGlobal
