
Microsoft Visual Studio Solution File, Format Version 12.00
# Visual Studio Version 16
VisualStudioVersion = 16.0.30320.27
MinimumVisualStudioVersion = 10.0.40219.1
Project("{FAE04EC0-301F-11D3-BF4B-00C04F79EFBC}") = "IO Assignment", "IO Assignment\IO Assignment.csproj", "{33BC08B1-14A0-4D4E-A5CF-DCCB6D6F4979}"
EndProject
Global
	GlobalSection(SolutionConfigurationPlatforms) = preSolution
		Debug|Any CPU = Debug|Any CPU
		Release|Any CPU = Release|Any CPU
	EndGlobalSection
	GlobalSection(ProjectConfigurationPlatforms) = postSolution
		{33BC08B1-14A0-4D4E-A5CF-DCCB6D6F4979}.Debug|Any CPU.ActiveCfg = Debug|Any CPU
		{33BC08B1-14A0-4D4E-A5CF-DCCB6D6F4979}.Debug|Any CPU.Build.0 = Debug|Any CPU
		{33BC08B1-14A0-4D4E-A5CF-DCCB6D6F4979}.Release|Any CPU.ActiveCfg = Release|Any CPU
		{33BC08B1-14A0-4D4E-A5CF-DCCB6D6F4979}.Release|Any CPU.Build.0 = Release|Any CPU
	EndGlobalSection
	GlobalSection(SolutionProperties) = preSolution
		HideSolutionNode = FALSE
	EndGlobalSection
	GlobalSection(ExtensibilityGlobals) = postSolution
		SolutionGuid = {C4C21A67-476B-4F68-96E9-E3437AB9E1C8}
	EndGlobalSection
EndGlobal
