
Microsoft Visual Studio Solution File, Format Version 12.00
# Visual Studio Version 16
VisualStudioVersion = 16.0.30320.27
MinimumVisualStudioVersion = 10.0.40219.1
Project("{FAE04EC0-301F-11D3-BF4B-00C04F79EFBC}") = "Constant Assignment", "Constant Assignment\Constant Assignment.csproj", "{2E74C269-8FD8-4362-BF39-EC15F18D2B3E}"
EndProject
Global
	GlobalSection(SolutionConfigurationPlatforms) = preSolution
		Debug|Any CPU = Debug|Any CPU
		Release|Any CPU = Release|Any CPU
	EndGlobalSection
	GlobalSection(ProjectConfigurationPlatforms) = postSolution
		{2E74C269-8FD8-4362-BF39-EC15F18D2B3E}.Debug|Any CPU.ActiveCfg = Debug|Any CPU
		{2E74C269-8FD8-4362-BF39-EC15F18D2B3E}.Debug|Any CPU.Build.0 = Debug|Any CPU
		{2E74C269-8FD8-4362-BF39-EC15F18D2B3E}.Release|Any CPU.ActiveCfg = Release|Any CPU
		{2E74C269-8FD8-4362-BF39-EC15F18D2B3E}.Release|Any CPU.Build.0 = Release|Any CPU
	EndGlobalSection
	GlobalSection(SolutionProperties) = preSolution
		HideSolutionNode = FALSE
	EndGlobalSection
	GlobalSection(ExtensibilityGlobals) = postSolution
		SolutionGuid = {251053F6-7D9A-4B99-A9D6-DA53459DBEB3}
	EndGlobalSection
EndGlobal
