
Microsoft Visual Studio Solution File, Format Version 12.00
# Visual Studio Version 16
VisualStudioVersion = 16.0.30320.27
MinimumVisualStudioVersion = 10.0.40219.1
Project("{FAE04EC0-301F-11D3-BF4B-00C04F79EFBC}") = "DateTime Assignment", "DateTime Assignment\DateTime Assignment.csproj", "{36FCF201-E41D-4CB5-96B3-F1F0A4067524}"
EndProject
Global
	GlobalSection(SolutionConfigurationPlatforms) = preSolution
		Debug|Any CPU = Debug|Any CPU
		Release|Any CPU = Release|Any CPU
	EndGlobalSection
	GlobalSection(ProjectConfigurationPlatforms) = postSolution
		{36FCF201-E41D-4CB5-96B3-F1F0A4067524}.Debug|Any CPU.ActiveCfg = Debug|Any CPU
		{36FCF201-E41D-4CB5-96B3-F1F0A4067524}.Debug|Any CPU.Build.0 = Debug|Any CPU
		{36FCF201-E41D-4CB5-96B3-F1F0A4067524}.Release|Any CPU.ActiveCfg = Release|Any CPU
		{36FCF201-E41D-4CB5-96B3-F1F0A4067524}.Release|Any CPU.Build.0 = Release|Any CPU
	EndGlobalSection
	GlobalSection(SolutionProperties) = preSolution
		HideSolutionNode = FALSE
	EndGlobalSection
	GlobalSection(ExtensibilityGlobals) = postSolution
		SolutionGuid = {00AB5808-95BB-439B-AD1E-07D97EFA8C3C}
	EndGlobalSection
EndGlobal
