
Microsoft Visual Studio Solution File, Format Version 12.00
# Visual Studio Version 16
VisualStudioVersion = 16.0.30309.148
MinimumVisualStudioVersion = 10.0.40219.1
Project("{FAE04EC0-301F-11D3-BF4B-00C04F79EFBC}") = "Inheritance", "Inheritance\Inheritance.csproj", "{05D3B4E4-84BB-4AF2-9AD9-344CD251F965}"
EndProject
Global
	GlobalSection(SolutionConfigurationPlatforms) = preSolution
		Debug|Any CPU = Debug|Any CPU
		Release|Any CPU = Release|Any CPU
	EndGlobalSection
	GlobalSection(ProjectConfigurationPlatforms) = postSolution
		{05D3B4E4-84BB-4AF2-9AD9-344CD251F965}.Debug|Any CPU.ActiveCfg = Debug|Any CPU
		{05D3B4E4-84BB-4AF2-9AD9-344CD251F965}.Debug|Any CPU.Build.0 = Debug|Any CPU
		{05D3B4E4-84BB-4AF2-9AD9-344CD251F965}.Release|Any CPU.ActiveCfg = Release|Any CPU
		{05D3B4E4-84BB-4AF2-9AD9-344CD251F965}.Release|Any CPU.Build.0 = Release|Any CPU
	EndGlobalSection
	GlobalSection(SolutionProperties) = preSolution
		HideSolutionNode = FALSE
	EndGlobalSection
	GlobalSection(ExtensibilityGlobals) = postSolution
		SolutionGuid = {421D16F3-5BED-44D9-AFC4-B8FD28408CCF}
	EndGlobalSection
EndGlobal
